// !$*UTF8*$!
{
	archiveVersion = 1;
	classes = {
	};
	objectVersion = 50;
	objects = {

/* Begin PBXBuildFile section */
		1C181F3F208B530000E91A79 /* AppDelegate.swift in Sources */ = {isa = PBXBuildFile; fileRef = 1C181F3E208B530000E91A79 /* AppDelegate.swift */; };
		1C181F44208B530000E91A79 /* Main.storyboard in Resources */ = {isa = PBXBuildFile; fileRef = 1C181F42208B530000E91A79 /* Main.storyboard */; };
		1C181F46208B530100E91A79 /* Assets.xcassets in Resources */ = {isa = PBXBuildFile; fileRef = 1C181F45208B530100E91A79 /* Assets.xcassets */; };
		1C181F49208B530100E91A79 /* LaunchScreen.storyboard in Resources */ = {isa = PBXBuildFile; fileRef = 1C181F47208B530100E91A79 /* LaunchScreen.storyboard */; };
		1C181F52208B635A00E91A79 /* NewsPresenterTableViewController.swift in Sources */ = {isa = PBXBuildFile; fileRef = 1C181F51208B635A00E91A79 /* NewsPresenterTableViewController.swift */; };
		1C181F58208B65D400E91A79 /* NewsPresenterTableViewCell.swift in Sources */ = {isa = PBXBuildFile; fileRef = 1C181F56208B65D400E91A79 /* NewsPresenterTableViewCell.swift */; };
		1C181F59208B65D400E91A79 /* NewsPresenterTableViewCell.xib in Resources */ = {isa = PBXBuildFile; fileRef = 1C181F57208B65D400E91A79 /* NewsPresenterTableViewCell.xib */; };
		1C2ABD5220973C4D0077C036 /* NetworkManager.swift in Sources */ = {isa = PBXBuildFile; fileRef = 1C2ABD5120973C4D0077C036 /* NetworkManager.swift */; };
		1C2ABD5520974A1B0077C036 /* Article.swift in Sources */ = {isa = PBXBuildFile; fileRef = 1C2ABD5420974A1B0077C036 /* Article.swift */; };
		1C40CA3120DE6D610084C681 /* MapSelectCountryViewController.swift in Sources */ = {isa = PBXBuildFile; fileRef = 1C40CA3020DE6D610084C681 /* MapSelectCountryViewController.swift */; };
		1C40CA3520E11EE60084C681 /* Filters.swift in Sources */ = {isa = PBXBuildFile; fileRef = 1C40CA3420E11EE60084C681 /* Filters.swift */; };
		1C98CEC420C6EAE200FE24A3 /* SelectCountryViewController.swift in Sources */ = {isa = PBXBuildFile; fileRef = 1C98CEC320C6EAE200FE24A3 /* SelectCountryViewController.swift */; };
		1C98CEC620C7F48D00FE24A3 /* Country.swift in Sources */ = {isa = PBXBuildFile; fileRef = 1C98CEC520C7F48D00FE24A3 /* Country.swift */; };
		1CB54BF520D1772B0097F811 /* SelectedNewsViewController.swift in Sources */ = {isa = PBXBuildFile; fileRef = 1CB54BF420D1772B0097F811 /* SelectedNewsViewController.swift */; };
		1CBF07D720D93AA70061AE08 /* FilterTableViewController.swift in Sources */ = {isa = PBXBuildFile; fileRef = 1CBF07D620D93AA70061AE08 /* FilterTableViewController.swift */; };
		1CBF07D920D93AD60061AE08 /* FilterTableViewCell.swift in Sources */ = {isa = PBXBuildFile; fileRef = 1CBF07D820D93AD60061AE08 /* FilterTableViewCell.swift */; };
/* End PBXBuildFile section */

/* Begin PBXFileReference section */
		1C181F3B208B530000E91A79 /* SmartNews.app */ = {isa = PBXFileReference; explicitFileType = wrapper.application; includeInIndex = 0; path = SmartNews.app; sourceTree = BUILT_PRODUCTS_DIR; };
		1C181F3E208B530000E91A79 /* AppDelegate.swift */ = {isa = PBXFileReference; lastKnownFileType = sourcecode.swift; path = AppDelegate.swift; sourceTree = "<group>"; };
		1C181F43208B530000E91A79 /* Base */ = {isa = PBXFileReference; lastKnownFileType = file.storyboard; name = Base; path = Base.lproj/Main.storyboard; sourceTree = "<group>"; };
		1C181F45208B530100E91A79 /* Assets.xcassets */ = {isa = PBXFileReference; lastKnownFileType = folder.assetcatalog; path = Assets.xcassets; sourceTree = "<group>"; };
		1C181F48208B530100E91A79 /* Base */ = {isa = PBXFileReference; lastKnownFileType = file.storyboard; name = Base; path = Base.lproj/LaunchScreen.storyboard; sourceTree = "<group>"; };
		1C181F4A208B530100E91A79 /* Info.plist */ = {isa = PBXFileReference; lastKnownFileType = text.plist.xml; path = Info.plist; sourceTree = "<group>"; };
		1C181F51208B635A00E91A79 /* NewsPresenterTableViewController.swift */ = {isa = PBXFileReference; lastKnownFileType = sourcecode.swift; path = NewsPresenterTableViewController.swift; sourceTree = "<group>"; };
		1C181F56208B65D400E91A79 /* NewsPresenterTableViewCell.swift */ = {isa = PBXFileReference; lastKnownFileType = sourcecode.swift; path = NewsPresenterTableViewCell.swift; sourceTree = "<group>"; };
		1C181F57208B65D400E91A79 /* NewsPresenterTableViewCell.xib */ = {isa = PBXFileReference; lastKnownFileType = file.xib; path = NewsPresenterTableViewCell.xib; sourceTree = "<group>"; };
		1C2ABD5120973C4D0077C036 /* NetworkManager.swift */ = {isa = PBXFileReference; lastKnownFileType = sourcecode.swift; path = NetworkManager.swift; sourceTree = "<group>"; };
		1C2ABD5420974A1B0077C036 /* Article.swift */ = {isa = PBXFileReference; lastKnownFileType = sourcecode.swift; path = Article.swift; sourceTree = "<group>"; };
		1C40CA3020DE6D610084C681 /* MapSelectCountryViewController.swift */ = {isa = PBXFileReference; lastKnownFileType = sourcecode.swift; path = MapSelectCountryViewController.swift; sourceTree = "<group>"; };
		1C40CA3420E11EE60084C681 /* Filters.swift */ = {isa = PBXFileReference; lastKnownFileType = sourcecode.swift; path = Filters.swift; sourceTree = "<group>"; };
		1C98CEC320C6EAE200FE24A3 /* SelectCountryViewController.swift */ = {isa = PBXFileReference; lastKnownFileType = sourcecode.swift; path = SelectCountryViewController.swift; sourceTree = "<group>"; };
		1C98CEC520C7F48D00FE24A3 /* Country.swift */ = {isa = PBXFileReference; lastKnownFileType = sourcecode.swift; path = Country.swift; sourceTree = "<group>"; };
		1CB54BF420D1772B0097F811 /* SelectedNewsViewController.swift */ = {isa = PBXFileReference; lastKnownFileType = sourcecode.swift; path = SelectedNewsViewController.swift; sourceTree = "<group>"; };
		1CBF07D620D93AA70061AE08 /* FilterTableViewController.swift */ = {isa = PBXFileReference; lastKnownFileType = sourcecode.swift; path = FilterTableViewController.swift; sourceTree = "<group>"; };
		1CBF07D820D93AD60061AE08 /* FilterTableViewCell.swift */ = {isa = PBXFileReference; lastKnownFileType = sourcecode.swift; path = FilterTableViewCell.swift; sourceTree = "<group>"; };
/* End PBXFileReference section */

/* Begin PBXFrameworksBuildPhase section */
		1C181F38208B530000E91A79 /* Frameworks */ = {
			isa = PBXFrameworksBuildPhase;
			buildActionMask = 2147483647;
			files = (
			);
			runOnlyForDeploymentPostprocessing = 0;
		};
/* End PBXFrameworksBuildPhase section */

/* Begin PBXGroup section */
		1C181F32208B530000E91A79 = {
			isa = PBXGroup;
			children = (
				1C181F3D208B530000E91A79 /* SmartNews */,
				1C181F3C208B530000E91A79 /* Products */,
			);
			sourceTree = "<group>";
		};
		1C181F3C208B530000E91A79 /* Products */ = {
			isa = PBXGroup;
			children = (
				1C181F3B208B530000E91A79 /* SmartNews.app */,
			);
			name = Products;
			sourceTree = "<group>";
		};
		1C181F3D208B530000E91A79 /* SmartNews */ = {
			isa = PBXGroup;
			children = (
				1C2ABD5020973C2F0077C036 /* API */,
				1C181F3E208B530000E91A79 /* AppDelegate.swift */,
				1C181F45208B530100E91A79 /* Assets.xcassets */,
				1CBF07D520D93A830061AE08 /* Filter */,
				1C181F4A208B530100E91A79 /* Info.plist */,
				1C181F47208B530100E91A79 /* LaunchScreen.storyboard */,
				1C181F42208B530000E91A79 /* Main.storyboard */,
				1C2ABD5320974A0B0077C036 /* Models */,
				1C40CA3320E11D4D0084C681 /* NewsFromSelectedCountry */,
				1C181F50208B630400E91A79 /* NewsPresenter */,
				1C40CA3220E11D2A0084C681 /* SelectCountry */,
			);
			path = SmartNews;
			sourceTree = "<group>";
		};
		1C181F50208B630400E91A79 /* NewsPresenter */ = {
			isa = PBXGroup;
			children = (
				1C181F55208B658900E91A79 /* Cell */,
				1C181F51208B635A00E91A79 /* NewsPresenterTableViewController.swift */,
			);
			path = NewsPresenter;
			sourceTree = "<group>";
		};
		1C181F55208B658900E91A79 /* Cell */ = {
			isa = PBXGroup;
			children = (
				1C181F56208B65D400E91A79 /* NewsPresenterTableViewCell.swift */,
				1C181F57208B65D400E91A79 /* NewsPresenterTableViewCell.xib */,
			);
			path = Cell;
			sourceTree = "<group>";
		};
		1C2ABD5020973C2F0077C036 /* API */ = {
			isa = PBXGroup;
			children = (
				1C2ABD5120973C4D0077C036 /* NetworkManager.swift */,
			);
			path = API;
			sourceTree = "<group>";
		};
		1C2ABD5320974A0B0077C036 /* Models */ = {
			isa = PBXGroup;
			children = (
				1C2ABD5420974A1B0077C036 /* Article.swift */,
				1C98CEC520C7F48D00FE24A3 /* Country.swift */,
			);
			path = Models;
			sourceTree = "<group>";
		};
		1C40CA3220E11D2A0084C681 /* SelectCountry */ = {
			isa = PBXGroup;
			children = (
				1C98CEC320C6EAE200FE24A3 /* SelectCountryViewController.swift */,
				1C40CA3020DE6D610084C681 /* MapSelectCountryViewController.swift */,
			);
			path = SelectCountry;
			sourceTree = "<group>";
		};
		1C40CA3320E11D4D0084C681 /* NewsFromSelectedCountry */ = {
			isa = PBXGroup;
			children = (
				1CB54BF420D1772B0097F811 /* SelectedNewsViewController.swift */,
			);
			path = NewsFromSelectedCountry;
			sourceTree = "<group>";
		};
		1CBF07D520D93A830061AE08 /* Filter */ = {
			isa = PBXGroup;
			children = (
				1CBF07D620D93AA70061AE08 /* FilterTableViewController.swift */,
				1CBF07D820D93AD60061AE08 /* FilterTableViewCell.swift */,
				1C40CA3420E11EE60084C681 /* Filters.swift */,
			);
			path = Filter;
			sourceTree = "<group>";
		};
/* End PBXGroup section */

/* Begin PBXNativeTarget section */
		1C181F3A208B530000E91A79 /* SmartNews */ = {
			isa = PBXNativeTarget;
			buildConfigurationList = 1C181F4D208B530100E91A79 /* Build configuration list for PBXNativeTarget "SmartNews" */;
			buildPhases = (
				1C181F37208B530000E91A79 /* Sources */,
				1C181F38208B530000E91A79 /* Frameworks */,
				1C181F39208B530000E91A79 /* Resources */,
			);
			buildRules = (
			);
			dependencies = (
			);
			name = SmartNews;
			productName = SmartNews;
			productReference = 1C181F3B208B530000E91A79 /* SmartNews.app */;
			productType = "com.apple.product-type.application";
		};
/* End PBXNativeTarget section */

/* Begin PBXProject section */
		1C181F33208B530000E91A79 /* Project object */ = {
			isa = PBXProject;
			attributes = {
				LastSwiftUpdateCheck = 0930;
				LastUpgradeCheck = 0930;
				ORGANIZATIONNAME = "Raul Bude";
				TargetAttributes = {
					1C181F3A208B530000E91A79 = {
						CreatedOnToolsVersion = 9.3;
					};
				};
			};
			buildConfigurationList = 1C181F36208B530000E91A79 /* Build configuration list for PBXProject "SmartNews" */;
			compatibilityVersion = "Xcode 9.3";
			developmentRegion = en;
			hasScannedForEncodings = 0;
			knownRegions = (
				en,
				Base,
			);
			mainGroup = 1C181F32208B530000E91A79;
			productRefGroup = 1C181F3C208B530000E91A79 /* Products */;
			projectDirPath = "";
			projectRoot = "";
			targets = (
				1C181F3A208B530000E91A79 /* SmartNews */,
			);
		};
/* End PBXProject section */

/* Begin PBXResourcesBuildPhase section */
		1C181F39208B530000E91A79 /* Resources */ = {
			isa = PBXResourcesBuildPhase;
			buildActionMask = 2147483647;
			files = (
				1C181F49208B530100E91A79 /* LaunchScreen.storyboard in Resources */,
				1C181F46208B530100E91A79 /* Assets.xcassets in Resources */,
				1C181F44208B530000E91A79 /* Main.storyboard in Resources */,
				1C181F59208B65D400E91A79 /* NewsPresenterTableViewCell.xib in Resources */,
			);
			runOnlyForDeploymentPostprocessing = 0;
		};
/* End PBXResourcesBuildPhase section */

/* Begin PBXSourcesBuildPhase section */
		1C181F37208B530000E91A79 /* Sources */ = {
			isa = PBXSourcesBuildPhase;
			buildActionMask = 2147483647;
			files = (
				1C40CA3120DE6D610084C681 /* MapSelectCountryViewController.swift in Sources */,
				1C181F3F208B530000E91A79 /* AppDelegate.swift in Sources */,
				1C2ABD5520974A1B0077C036 /* Article.swift in Sources */,
				1C2ABD5220973C4D0077C036 /* NetworkManager.swift in Sources */,
				1CBF07D720D93AA70061AE08 /* FilterTableViewController.swift in Sources */,
				1C40CA3520E11EE60084C681 /* Filters.swift in Sources */,
				1CB54BF520D1772B0097F811 /* SelectedNewsViewController.swift in Sources */,
				1C98CEC620C7F48D00FE24A3 /* Country.swift in Sources */,
				1C181F58208B65D400E91A79 /* NewsPresenterTableViewCell.swift in Sources */,
				1C181F52208B635A00E91A79 /* NewsPresenterTableViewController.swift in Sources */,
				1CBF07D920D93AD60061AE08 /* FilterTableViewCell.swift in Sources */,
				1C98CEC420C6EAE200FE24A3 /* SelectCountryViewController.swift in Sources */,
			);
			runOnlyForDeploymentPostprocessing = 0;
		};
/* End PBXSourcesBuildPhase section */

/* Begin PBXVariantGroup section */
		1C181F42208B530000E91A79 /* Main.storyboard */ = {
			isa = PBXVariantGroup;
			children = (
				1C181F43208B530000E91A79 /* Base */,
			);
			name = Main.storyboard;
			sourceTree = "<group>";
		};
		1C181F47208B530100E91A79 /* LaunchScreen.storyboard */ = {
			isa = PBXVariantGroup;
			children = (
				1C181F48208B530100E91A79 /* Base */,
			);
			name = LaunchScreen.storyboard;
			sourceTree = "<group>";
		};
/* End PBXVariantGroup section */

/* Begin XCBuildConfiguration section */
		1C181F4B208B530100E91A79 /* Debug */ = {
			isa = XCBuildConfiguration;
			buildSettings = {
				ALWAYS_SEARCH_USER_PATHS = NO;
				CLANG_ANALYZER_NONNULL = YES;
				CLANG_ANALYZER_NUMBER_OBJECT_CONVERSION = YES_AGGRESSIVE;
				CLANG_CXX_LANGUAGE_STANDARD = "gnu++14";
				CLANG_CXX_LIBRARY = "libc++";
				CLANG_ENABLE_MODULES = YES;
				CLANG_ENABLE_OBJC_ARC = YES;
				CLANG_ENABLE_OBJC_WEAK = YES;
				CLANG_WARN_BLOCK_CAPTURE_AUTORELEASING = YES;
				CLANG_WARN_BOOL_CONVERSION = YES;
				CLANG_WARN_COMMA = YES;
				CLANG_WARN_CONSTANT_CONVERSION = YES;
				CLANG_WARN_DEPRECATED_OBJC_IMPLEMENTATIONS = YES;
				CLANG_WARN_DIRECT_OBJC_ISA_USAGE = YES_ERROR;
				CLANG_WARN_DOCUMENTATION_COMMENTS = YES;
				CLANG_WARN_EMPTY_BODY = YES;
				CLANG_WARN_ENUM_CONVERSION = YES;
				CLANG_WARN_INFINITE_RECURSION = YES;
				CLANG_WARN_INT_CONVERSION = YES;
				CLANG_WARN_NON_LITERAL_NULL_CONVERSION = YES;
				CLANG_WARN_OBJC_IMPLICIT_RETAIN_SELF = YES;
				CLANG_WARN_OBJC_LITERAL_CONVERSION = YES;
				CLANG_WARN_OBJC_ROOT_CLASS = YES_ERROR;
				CLANG_WARN_RANGE_LOOP_ANALYSIS = YES;
				CLANG_WARN_STRICT_PROTOTYPES = YES;
				CLANG_WARN_SUSPICIOUS_MOVE = YES;
				CLANG_WARN_UNGUARDED_AVAILABILITY = YES_AGGRESSIVE;
				CLANG_WARN_UNREACHABLE_CODE = YES;
				CLANG_WARN__DUPLICATE_METHOD_MATCH = YES;
				CODE_SIGN_IDENTITY = "iPhone Developer";
				COPY_PHASE_STRIP = NO;
				DEBUG_INFORMATION_FORMAT = dwarf;
				ENABLE_STRICT_OBJC_MSGSEND = YES;
				ENABLE_TESTABILITY = YES;
				GCC_C_LANGUAGE_STANDARD = gnu11;
				GCC_DYNAMIC_NO_PIC = NO;
				GCC_NO_COMMON_BLOCKS = YES;
				GCC_OPTIMIZATION_LEVEL = 0;
				GCC_PREPROCESSOR_DEFINITIONS = (
					"DEBUG=1",
					"$(inherited)",
				);
				GCC_WARN_64_TO_32_BIT_CONVERSION = YES;
				GCC_WARN_ABOUT_RETURN_TYPE = YES_ERROR;
				GCC_WARN_UNDECLARED_SELECTOR = YES;
				GCC_WARN_UNINITIALIZED_AUTOS = YES_AGGRESSIVE;
				GCC_WARN_UNUSED_FUNCTION = YES;
				GCC_WARN_UNUSED_VARIABLE = YES;
				IPHONEOS_DEPLOYMENT_TARGET = 11.3;
				MTL_ENABLE_DEBUG_INFO = YES;
				ONLY_ACTIVE_ARCH = YES;
				SDKROOT = iphoneos;
				SWIFT_ACTIVE_COMPILATION_CONDITIONS = DEBUG;
				SWIFT_OPTIMIZATION_LEVEL = "-Onone";
			};
			name = Debug;
		};
		1C181F4C208B530100E91A79 /* Release */ = {
			isa = XCBuildConfiguration;
			buildSettings = {
				ALWAYS_SEARCH_USER_PATHS = NO;
				CLANG_ANALYZER_NONNULL = YES;
				CLANG_ANALYZER_NUMBER_OBJECT_CONVERSION = YES_AGGRESSIVE;
				CLANG_CXX_LANGUAGE_STANDARD = "gnu++14";
				CLANG_CXX_LIBRARY = "libc++";
				CLANG_ENABLE_MODULES = YES;
				CLANG_ENABLE_OBJC_ARC = YES;
				CLANG_ENABLE_OBJC_WEAK = YES;
				CLANG_WARN_BLOCK_CAPTURE_AUTORELEASING = YES;
				CLANG_WARN_BOOL_CONVERSION = YES;
				CLANG_WARN_COMMA = YES;
				CLANG_WARN_CONSTANT_CONVERSION = YES;
				CLANG_WARN_DEPRECATED_OBJC_IMPLEMENTATIONS = YES;
				CLANG_WARN_DIRECT_OBJC_ISA_USAGE = YES_ERROR;
				CLANG_WARN_DOCUMENTATION_COMMENTS = YES;
				CLANG_WARN_EMPTY_BODY = YES;
				CLANG_WARN_ENUM_CONVERSION = YES;
				CLANG_WARN_INFINITE_RECURSION = YES;
				CLANG_WARN_INT_CONVERSION = YES;
				CLANG_WARN_NON_LITERAL_NULL_CONVERSION = YES;
				CLANG_WARN_OBJC_IMPLICIT_RETAIN_SELF = YES;
				CLANG_WARN_OBJC_LITERAL_CONVERSION = YES;
				CLANG_WARN_OBJC_ROOT_CLASS = YES_ERROR;
				CLANG_WARN_RANGE_LOOP_ANALYSIS = YES;
				CLANG_WARN_STRICT_PROTOTYPES = YES;
				CLANG_WARN_SUSPICIOUS_MOVE = YES;
				CLANG_WARN_UNGUARDED_AVAILABILITY = YES_AGGRESSIVE;
				CLANG_WARN_UNREACHABLE_CODE = YES;
				CLANG_WARN__DUPLICATE_METHOD_MATCH = YES;
				CODE_SIGN_IDENTITY = "iPhone Developer";
				COPY_PHASE_STRIP = NO;
				DEBUG_INFORMATION_FORMAT = "dwarf-with-dsym";
				ENABLE_NS_ASSERTIONS = NO;
				ENABLE_STRICT_OBJC_MSGSEND = YES;
				GCC_C_LANGUAGE_STANDARD = gnu11;
				GCC_NO_COMMON_BLOCKS = YES;
				GCC_WARN_64_TO_32_BIT_CONVERSION = YES;
				GCC_WARN_ABOUT_RETURN_TYPE = YES_ERROR;
				GCC_WARN_UNDECLARED_SELECTOR = YES;
				GCC_WARN_UNINITIALIZED_AUTOS = YES_AGGRESSIVE;
				GCC_WARN_UNUSED_FUNCTION = YES;
				GCC_WARN_UNUSED_VARIABLE = YES;
				IPHONEOS_DEPLOYMENT_TARGET = 11.3;
				MTL_ENABLE_DEBUG_INFO = NO;
				SDKROOT = iphoneos;
				SWIFT_COMPILATION_MODE = wholemodule;
				SWIFT_OPTIMIZATION_LEVEL = "-O";
				VALIDATE_PRODUCT = YES;
			};
			name = Release;
		};
		1C181F4E208B530100E91A79 /* Debug */ = {
			isa = XCBuildConfiguration;
			buildSettings = {
				ASSETCATALOG_COMPILER_APPICON_NAME = AppIcon;
				CODE_SIGN_STYLE = Automatic;
				DEVELOPMENT_TEAM = QUR6K67AN2;
				INFOPLIST_FILE = SmartNews/Info.plist;
				LD_RUNPATH_SEARCH_PATHS = (
					"$(inherited)",
					"@executable_path/Frameworks",
				);
				PRODUCT_BUNDLE_IDENTIFIER = RaulBude.SmartNews;
				PRODUCT_NAME = "$(TARGET_NAME)";
				SWIFT_VERSION = 4.0;
				TARGETED_DEVICE_FAMILY = "1,2";
			};
			name = Debug;
		};
		1C181F4F208B530100E91A79 /* Release */ = {
			isa = XCBuildConfiguration;
			buildSettings = {
				ASSETCATALOG_COMPILER_APPICON_NAME = AppIcon;
				CODE_SIGN_STYLE = Automatic;
				DEVELOPMENT_TEAM = QUR6K67AN2;
				INFOPLIST_FILE = SmartNews/Info.plist;
				LD_RUNPATH_SEARCH_PATHS = (
					"$(inherited)",
					"@executable_path/Frameworks",
				);
				PRODUCT_BUNDLE_IDENTIFIER = RaulBude.SmartNews;
				PRODUCT_NAME = "$(TARGET_NAME)";
				SWIFT_VERSION = 4.0;
				TARGETED_DEVICE_FAMILY = "1,2";
			};
			name = Release;
		};
/* End XCBuildConfiguration section */

/* Begin XCConfigurationList section */
		1C181F36208B530000E91A79 /* Build configuration list for PBXProject "SmartNews" */ = {
			isa = XCConfigurationList;
			buildConfigurations = (
				1C181F4B208B530100E91A79 /* Debug */,
				1C181F4C208B530100E91A79 /* Release */,
			);
			defaultConfigurationIsVisible = 0;
			defaultConfigurationName = Release;
		};
		1C181F4D208B530100E91A79 /* Build configuration list for PBXNativeTarget "SmartNews" */ = {
			isa = XCConfigurationList;
			buildConfigurations = (
				1C181F4E208B530100E91A79 /* Debug */,
				1C181F4F208B530100E91A79 /* Release */,
			);
			defaultConfigurationIsVisible = 0;
			defaultConfigurationName = Release;
		};
/* End XCConfigurationList section */
	};
	rootObject = 1C181F33208B530000E91A79 /* Project object */;
}
